
Microsoft Visual Studio Solution File, Format Version 12.00
# Visual Studio Version 17
VisualStudioVersion = 17.10.34916.146
MinimumVisualStudioVersion = 10.0.40219.1
Project("{FAE04EC0-301F-11D3-BF4B-00C04F79EFBC}") = "QLSV", "QLSV.csproj", "{A6C293A8-8310-4283-9EE0-0F848200164B}"
EndProject
Global
	GlobalSection(SolutionConfigurationPlatforms) = preSolution
		Debug|Any CPU = Debug|Any CPU
		Release|Any CPU = Release|Any CPU
	EndGlobalSection
	GlobalSection(ProjectConfigurationPlatforms) = postSolution
		{A6C293A8-8310-4283-9EE0-0F848200164B}.Debug|Any CPU.ActiveCfg = Debug|Any CPU
		{A6C293A8-8310-4283-9EE0-0F848200164B}.Debug|Any CPU.Build.0 = Debug|Any CPU
		{A6C293A8-8310-4283-9EE0-0F848200164B}.Release|Any CPU.ActiveCfg = Release|Any CPU
		{A6C293A8-8310-4283-9EE0-0F848200164B}.Release|Any CPU.Build.0 = Release|Any CPU
	EndGlobalSection
	GlobalSection(SolutionProperties) = preSolution
		HideSolutionNode = FALSE
	EndGlobalSection
	GlobalSection(ExtensibilityGlobals) = postSolution
		SolutionGuid = {C2AD67FF-0846-413D-8435-4C659E5DD723}
	EndGlobalSection
EndGlobal
