
Microsoft Visual Studio Solution File, Format Version 12.00
# Visual Studio Version 17
VisualStudioVersion = 17.10.34916.146
MinimumVisualStudioVersion = 10.0.40219.1
Project("{FAE04EC0-301F-11D3-BF4B-00C04F79EFBC}") = "Buoi3.checkbox_radioBTN", "Buoi3.checkbox_radioBTN\Buoi3.checkbox_radioBTN.csproj", "{BD95288D-E4D2-48D0-A3C6-E8A455DB25BD}"
EndProject
Global
	GlobalSection(SolutionConfigurationPlatforms) = preSolution
		Debug|Any CPU = Debug|Any CPU
		Release|Any CPU = Release|Any CPU
	EndGlobalSection
	GlobalSection(ProjectConfigurationPlatforms) = postSolution
		{BD95288D-E4D2-48D0-A3C6-E8A455DB25BD}.Debug|Any CPU.ActiveCfg = Debug|Any CPU
		{BD95288D-E4D2-48D0-A3C6-E8A455DB25BD}.Debug|Any CPU.Build.0 = Debug|Any CPU
		{BD95288D-E4D2-48D0-A3C6-E8A455DB25BD}.Release|Any CPU.ActiveCfg = Release|Any CPU
		{BD95288D-E4D2-48D0-A3C6-E8A455DB25BD}.Release|Any CPU.Build.0 = Release|Any CPU
	EndGlobalSection
	GlobalSection(SolutionProperties) = preSolution
		HideSolutionNode = FALSE
	EndGlobalSection
	GlobalSection(ExtensibilityGlobals) = postSolution
		SolutionGuid = {D1F39E0B-F039-4907-8F81-FF33F049EF5F}
	EndGlobalSection
EndGlobal
