
Microsoft Visual Studio Solution File, Format Version 12.00
# Visual Studio Version 17
VisualStudioVersion = 17.10.34916.146
MinimumVisualStudioVersion = 10.0.40219.1
Project("{FAE04EC0-301F-11D3-BF4B-00C04F79EFBC}") = "Buo6_login_LoiUser_pass", "Buo6_login_LoiUser_pass\Buo6_login_LoiUser_pass.csproj", "{3D25EF6B-BE3D-4739-8E1D-5460CF1FB506}"
EndProject
Global
	GlobalSection(SolutionConfigurationPlatforms) = preSolution
		Debug|Any CPU = Debug|Any CPU
		Release|Any CPU = Release|Any CPU
	EndGlobalSection
	GlobalSection(ProjectConfigurationPlatforms) = postSolution
		{3D25EF6B-BE3D-4739-8E1D-5460CF1FB506}.Debug|Any CPU.ActiveCfg = Debug|Any CPU
		{3D25EF6B-BE3D-4739-8E1D-5460CF1FB506}.Debug|Any CPU.Build.0 = Debug|Any CPU
		{3D25EF6B-BE3D-4739-8E1D-5460CF1FB506}.Release|Any CPU.ActiveCfg = Release|Any CPU
		{3D25EF6B-BE3D-4739-8E1D-5460CF1FB506}.Release|Any CPU.Build.0 = Release|Any CPU
	EndGlobalSection
	GlobalSection(SolutionProperties) = preSolution
		HideSolutionNode = FALSE
	EndGlobalSection
	GlobalSection(ExtensibilityGlobals) = postSolution
		SolutionGuid = {AA9814DB-A6C7-43F2-B1E4-916C5932A6C2}
	EndGlobalSection
EndGlobal
